header:
    version: 14
overrides:
    repos:
        oe-core:
            commit: f09a0f28aeb54ddd90415dd458338e1565bb5a49
        meta-lts-mixins:
            commit: 6ad95d00531b32ec01792ab496718943dc95277b
        bitbake:
            commit: fae9db3168dbff1b8c76fe9c6726a9687ff97514
        meta-arm:
            commit: 0979b80429099f1a42dc0026c8c466cee780bc74
        meta-openembedded:
            commit: 6bf0d8ad57b33950bab4c7f6c037e1ccb6f6e2eb
        meta-virtualization:
            commit: ff03b1e118c4788f17d7ae45b820b00e3194634a
        meta-audioreach:
            commit: 3f673ee6f52bfeda69205078a99e89cd501015b4
        meta-selinux:
            commit: 1c3a699f363167571ab39fecb0fe6f56691a4e20
        meta-updater:
            commit: f0e1ccafaa877d2781ed953236981dac57439dc8
        meta-security:
            commit: c0d1d6200e7a84c39fb940cb1f22aad4b0b3d808
        meta-dpdk:
            commit: 6a59b0cd21084e33feb53b4f2d1310e49e1d4a83
