header:
    version: 14
overrides:
    repos:
        oe-core:
            commit: 0f03c732a0a2d0506b41b1abe60b3f368b2300dc
        meta-lts-mixins:
            commit: 71dfb81bd98f59ca2127d39b100ecbb8ce1e0ba3
        bitbake:
            commit: dc2bb660a85e2e76ae4ce6e02baae73b28f0593d
        meta-arm:
            commit: 673e8d7c5dcd14de58092eb73e6ecc5eee5c1735
        meta-qcom-distro:
            commit: c3e4c471ddf7874b95a9d417a61019af25aa2c5b
        meta-openembedded:
            commit: 47d7dbdd10890bbd429bc0cccbe14435c37e5af1
        meta-virtualization:
            commit: a07bf78dab0d46099a7e6ca8b2aadb07535efc13
        meta-audioreach:
            commit: fd2b901948f59ebc71ae91d83349d3a684f078d9
        meta-selinux:
            commit: 1c3a699f363167571ab39fecb0fe6f56691a4e20
        meta-updater:
            commit: 9385d4a7641182259323f8a5e9923f336361d0ff
        meta-security:
            commit: 2703974d5e2d61b221dffa302c2e059a522adbf3
        meta-dpdk:
            commit: 6a59b0cd21084e33feb53b4f2d1310e49e1d4a83
        meta-ai:
            commit: 7fa5dd690f18bb59426e180c0406cfcc2770829b
